// !$*UTF8*$!
{
	archiveVersion = 1;
	classes = {
	};
	objectVersion = 46;
	objects = {

/* Begin PBXBuildFile section */
		6540D1841D89D22E00B8F94F /* RCTPSPDFKitManager.m in Sources */ = {isa = PBXBuildFile; fileRef = 6540D1831D89D22E00B8F94F /* RCTPSPDFKitManager.m */; };
		6572780C1D86AE7300A5E1A8 /* RCTConvert+PSPDFConfiguration.m in Sources */ = {isa = PBXBuildFile; fileRef = 657278071D86AE7300A5E1A8 /* RCTConvert+PSPDFConfiguration.m */; };
		657278111D86AEC600A5E1A8 /* RCTConvert+PSPDFDocument.m in Sources */ = {isa = PBXBuildFile; fileRef = 657278101D86AEC600A5E1A8 /* RCTConvert+PSPDFDocument.m */; };
		84545BA4210A5CCF00FBB0A7 /* RCTConvert+PSPDFAnnotation.m in Sources */ = {isa = PBXBuildFile; fileRef = 84545BA2210A5CCF00FBB0A7 /* RCTConvert+PSPDFAnnotation.m */; };
		84694AA822AFC7510077FD01 /* RCTConvert+UIBarButtonItem.m in Sources */ = {isa = PBXBuildFile; fileRef = 84694AA722AFC7510077FD01 /* RCTConvert+UIBarButtonItem.m */; };
		84B9870023FC208600C6711A /* RCTConvert+PSPDFAnnotationChange.m in Sources */ = {isa = PBXBuildFile; fileRef = 84B986FF23FC208600C6711A /* RCTConvert+PSPDFAnnotationChange.m */; };
		84BC2EAD229EE9FF00A386C6 /* RCTConvert+PSPDFViewMode.m in Sources */ = {isa = PBXBuildFile; fileRef = 84BC2EAC229EE9FF00A386C6 /* RCTConvert+PSPDFViewMode.m */; };
		B783BA3421C3F55300FD981A /* RCTConvert+PSPDFAnnotationToolbarConfiguration.m in Sources */ = {isa = PBXBuildFile; fileRef = B783BA3321C3F55300FD981A /* RCTConvert+PSPDFAnnotationToolbarConfiguration.m */; };
		F84F8B192032D54F00153D9E /* RCTPSPDFKitView.m in Sources */ = {isa = PBXBuildFile; fileRef = F84F8B182032D54F00153D9E /* RCTPSPDFKitView.m */; };
		F8C1A2E5202DCC9700E98192 /* RCTPSPDFKitViewManager.m in Sources */ = {isa = PBXBuildFile; fileRef = F8C1A2E4202DCC9700E98192 /* RCTPSPDFKitViewManager.m */; };
/* End PBXBuildFile section */

/* Begin PBXCopyFilesBuildPhase section */
		657277131D8312EA00A5E1A8 /* CopyFiles */ = {
			isa = PBXCopyFilesBuildPhase;
			buildActionMask = 2147483647;
			dstPath = "include/$(PRODUCT_NAME)";
			dstSubfolderSpec = 16;
			files = (
			);
			runOnlyForDeploymentPostprocessing = 0;
		};
/* End PBXCopyFilesBuildPhase section */

/* Begin PBXFileReference section */
		6540D1821D89D22E00B8F94F /* RCTPSPDFKitManager.h */ = {isa = PBXFileReference; fileEncoding = 4; lastKnownFileType = sourcecode.c.h; path = RCTPSPDFKitManager.h; sourceTree = "<group>"; };
		6540D1831D89D22E00B8F94F /* RCTPSPDFKitManager.m */ = {isa = PBXFileReference; fileEncoding = 4; lastKnownFileType = sourcecode.c.objc; path = RCTPSPDFKitManager.m; sourceTree = "<group>"; };
		657277151D8312EA00A5E1A8 /* libRCTPSPDFKit.a */ = {isa = PBXFileReference; explicitFileType = archive.ar; includeInIndex = 0; path = libRCTPSPDFKit.a; sourceTree = BUILT_PRODUCTS_DIR; };
		657278061D86AE7300A5E1A8 /* RCTConvert+PSPDFConfiguration.h */ = {isa = PBXFileReference; fileEncoding = 4; lastKnownFileType = sourcecode.c.h; path = "RCTConvert+PSPDFConfiguration.h"; sourceTree = "<group>"; };
		657278071D86AE7300A5E1A8 /* RCTConvert+PSPDFConfiguration.m */ = {isa = PBXFileReference; fileEncoding = 4; lastKnownFileType = sourcecode.c.objc; path = "RCTConvert+PSPDFConfiguration.m"; sourceTree = "<group>"; };
		6572780F1D86AEC600A5E1A8 /* RCTConvert+PSPDFDocument.h */ = {isa = PBXFileReference; fileEncoding = 4; lastKnownFileType = sourcecode.c.h; path = "RCTConvert+PSPDFDocument.h"; sourceTree = "<group>"; };
		657278101D86AEC600A5E1A8 /* RCTConvert+PSPDFDocument.m */ = {isa = PBXFileReference; fileEncoding = 4; lastKnownFileType = sourcecode.c.objc; path = "RCTConvert+PSPDFDocument.m"; sourceTree = "<group>"; };
		84545BA2210A5CCF00FBB0A7 /* RCTConvert+PSPDFAnnotation.m */ = {isa = PBXFileReference; fileEncoding = 4; lastKnownFileType = sourcecode.c.objc; path = "RCTConvert+PSPDFAnnotation.m"; sourceTree = "<group>"; };
		84545BA3210A5CCF00FBB0A7 /* RCTConvert+PSPDFAnnotation.h */ = {isa = PBXFileReference; fileEncoding = 4; lastKnownFileType = sourcecode.c.h; path = "RCTConvert+PSPDFAnnotation.h"; sourceTree = "<group>"; };
		84694AA622AFC7510077FD01 /* RCTConvert+UIBarButtonItem.h */ = {isa = PBXFileReference; lastKnownFileType = sourcecode.c.h; path = "RCTConvert+UIBarButtonItem.h"; sourceTree = "<group>"; };
		84694AA722AFC7510077FD01 /* RCTConvert+UIBarButtonItem.m */ = {isa = PBXFileReference; lastKnownFileType = sourcecode.c.objc; path = "RCTConvert+UIBarButtonItem.m"; sourceTree = "<group>"; };
		84B986FE23FC208600C6711A /* RCTConvert+PSPDFAnnotationChange.h */ = {isa = PBXFileReference; lastKnownFileType = sourcecode.c.h; path = "RCTConvert+PSPDFAnnotationChange.h"; sourceTree = "<group>"; };
		84B986FF23FC208600C6711A /* RCTConvert+PSPDFAnnotationChange.m */ = {isa = PBXFileReference; lastKnownFileType = sourcecode.c.objc; path = "RCTConvert+PSPDFAnnotationChange.m"; sourceTree = "<group>"; };
		84BC2EAB229EE9FF00A386C6 /* RCTConvert+PSPDFViewMode.h */ = {isa = PBXFileReference; lastKnownFileType = sourcecode.c.h; path = "RCTConvert+PSPDFViewMode.h"; sourceTree = "<group>"; };
		84BC2EAC229EE9FF00A386C6 /* RCTConvert+PSPDFViewMode.m */ = {isa = PBXFileReference; lastKnownFileType = sourcecode.c.objc; path = "RCTConvert+PSPDFViewMode.m"; sourceTree = "<group>"; };
		B783BA3221C3F55300FD981A /* RCTConvert+PSPDFAnnotationToolbarConfiguration.h */ = {isa = PBXFileReference; lastKnownFileType = sourcecode.c.h; path = "RCTConvert+PSPDFAnnotationToolbarConfiguration.h"; sourceTree = "<group>"; };
		B783BA3321C3F55300FD981A /* RCTConvert+PSPDFAnnotationToolbarConfiguration.m */ = {isa = PBXFileReference; lastKnownFileType = sourcecode.c.objc; path = "RCTConvert+PSPDFAnnotationToolbarConfiguration.m"; sourceTree = "<group>"; };
		F84F8B182032D54F00153D9E /* RCTPSPDFKitView.m */ = {isa = PBXFileReference; lastKnownFileType = sourcecode.c.objc; path = RCTPSPDFKitView.m; sourceTree = "<group>"; };
		F84F8B1A2032D55E00153D9E /* RCTPSPDFKitView.h */ = {isa = PBXFileReference; lastKnownFileType = sourcecode.c.h; path = RCTPSPDFKitView.h; sourceTree = "<group>"; };
		F8C1A2E4202DCC9700E98192 /* RCTPSPDFKitViewManager.m */ = {isa = PBXFileReference; lastKnownFileType = sourcecode.c.objc; path = RCTPSPDFKitViewManager.m; sourceTree = "<group>"; };
		F8C1A2E6202DCD3800E98192 /* RCTPSPDFKitViewManager.h */ = {isa = PBXFileReference; lastKnownFileType = sourcecode.c.h; path = RCTPSPDFKitViewManager.h; sourceTree = "<group>"; };
/* End PBXFileReference section */

/* Begin PBXFrameworksBuildPhase section */
		657277121D8312EA00A5E1A8 /* Frameworks */ = {
			isa = PBXFrameworksBuildPhase;
			buildActionMask = 2147483647;
			files = (
			);
			runOnlyForDeploymentPostprocessing = 0;
		};
/* End PBXFrameworksBuildPhase section */

/* Begin PBXGroup section */
		657278041D86AE7300A5E1A8 /* RCTPSPDFKit */ = {
			isa = PBXGroup;
			children = (
				6540D1821D89D22E00B8F94F /* RCTPSPDFKitManager.h */,
				6540D1831D89D22E00B8F94F /* RCTPSPDFKitManager.m */,
				F8C1A2E6202DCD3800E98192 /* RCTPSPDFKitViewManager.h */,
				F8C1A2E4202DCC9700E98192 /* RCTPSPDFKitViewManager.m */,
				F84F8B1A2032D55E00153D9E /* RCTPSPDFKitView.h */,
				F84F8B182032D54F00153D9E /* RCTPSPDFKitView.m */,
				657278051D86AE7300A5E1A8 /* Converters */,
			);
			path = RCTPSPDFKit;
			sourceTree = "<group>";
		};
		657278051D86AE7300A5E1A8 /* Converters */ = {
			isa = PBXGroup;
			children = (
				84545BA3210A5CCF00FBB0A7 /* RCTConvert+PSPDFAnnotation.h */,
				84545BA2210A5CCF00FBB0A7 /* RCTConvert+PSPDFAnnotation.m */,
				657278061D86AE7300A5E1A8 /* RCTConvert+PSPDFConfiguration.h */,
				657278071D86AE7300A5E1A8 /* RCTConvert+PSPDFConfiguration.m */,
				6572780F1D86AEC600A5E1A8 /* RCTConvert+PSPDFDocument.h */,
				657278101D86AEC600A5E1A8 /* RCTConvert+PSPDFDocument.m */,
				B783BA3221C3F55300FD981A /* RCTConvert+PSPDFAnnotationToolbarConfiguration.h */,
				B783BA3321C3F55300FD981A /* RCTConvert+PSPDFAnnotationToolbarConfiguration.m */,
				84BC2EAB229EE9FF00A386C6 /* RCTConvert+PSPDFViewMode.h */,
				84BC2EAC229EE9FF00A386C6 /* RCTConvert+PSPDFViewMode.m */,
				84694AA622AFC7510077FD01 /* RCTConvert+UIBarButtonItem.h */,
				84694AA722AFC7510077FD01 /* RCTConvert+UIBarButtonItem.m */,
				84B986FE23FC208600C6711A /* RCTConvert+PSPDFAnnotationChange.h */,
				84B986FF23FC208600C6711A /* RCTConvert+PSPDFAnnotationChange.m */,
			);
			path = Converters;
			sourceTree = "<group>";
		};
		83CBB9F61A601CBA00E9B192 = {
			isa = PBXGroup;
			children = (
				657278041D86AE7300A5E1A8 /* RCTPSPDFKit */,
				83CBBA001A601CBA00E9B192 /* Products */,
			);
			indentWidth = 2;
			sourceTree = "<group>";
			tabWidth = 2;
		};
		83CBBA001A601CBA00E9B192 /* Products */ = {
			isa = PBXGroup;
			children = (
				657277151D8312EA00A5E1A8 /* libRCTPSPDFKit.a */,
			);
			name = Products;
			sourceTree = "<group>";
		};
/* End PBXGroup section */

/* Begin PBXNativeTarget section */
		657277141D8312EA00A5E1A8 /* RCTPSPDFKit */ = {
			isa = PBXNativeTarget;
			buildConfigurationList = 6572771B1D8312EA00A5E1A8 /* Build configuration list for PBXNativeTarget "RCTPSPDFKit" */;
			buildPhases = (
				657277111D8312EA00A5E1A8 /* Sources */,
				657277121D8312EA00A5E1A8 /* Frameworks */,
				657277131D8312EA00A5E1A8 /* CopyFiles */,
			);
			buildRules = (
			);
			dependencies = (
			);
			name = RCTPSPDFKit;
			productName = RNPSPDFKit;
			productReference = 657277151D8312EA00A5E1A8 /* libRCTPSPDFKit.a */;
			productType = "com.apple.product-type.library.static";
		};
/* End PBXNativeTarget section */

/* Begin PBXProject section */
		83CBB9F71A601CBA00E9B192 /* Project object */ = {
			isa = PBXProject;
			attributes = {
				LastUpgradeCheck = 1320;
				ORGANIZATIONNAME = Facebook;
				TargetAttributes = {
					657277141D8312EA00A5E1A8 = {
						CreatedOnToolsVersion = 8.0;
						ProvisioningStyle = Automatic;
					};
				};
			};
			buildConfigurationList = 83CBB9FA1A601CBA00E9B192 /* Build configuration list for PBXProject "RCTPSPDFKit" */;
			compatibilityVersion = "Xcode 3.2";
			developmentRegion = en;
			hasScannedForEncodings = 0;
			knownRegions = (
				en,
				Base,
			);
			mainGroup = 83CBB9F61A601CBA00E9B192;
			productRefGroup = 83CBBA001A601CBA00E9B192 /* Products */;
			projectDirPath = "";
			projectRoot = "";
			targets = (
				657277141D8312EA00A5E1A8 /* RCTPSPDFKit */,
			);
		};
/* End PBXProject section */

/* Begin PBXSourcesBuildPhase section */
		657277111D8312EA00A5E1A8 /* Sources */ = {
			isa = PBXSourcesBuildPhase;
			buildActionMask = 2147483647;
			files = (
				657278111D86AEC600A5E1A8 /* RCTConvert+PSPDFDocument.m in Sources */,
				F8C1A2E5202DCC9700E98192 /* RCTPSPDFKitViewManager.m in Sources */,
				84545BA4210A5CCF00FBB0A7 /* RCTConvert+PSPDFAnnotation.m in Sources */,
				6540D1841D89D22E00B8F94F /* RCTPSPDFKitManager.m in Sources */,
				84694AA822AFC7510077FD01 /* RCTConvert+UIBarButtonItem.m in Sources */,
				84B9870023FC208600C6711A /* RCTConvert+PSPDFAnnotationChange.m in Sources */,
				B783BA3421C3F55300FD981A /* RCTConvert+PSPDFAnnotationToolbarConfiguration.m in Sources */,
				F84F8B192032D54F00153D9E /* RCTPSPDFKitView.m in Sources */,
				6572780C1D86AE7300A5E1A8 /* RCTConvert+PSPDFConfiguration.m in Sources */,
				84BC2EAD229EE9FF00A386C6 /* RCTConvert+PSPDFViewMode.m in Sources */,
			);
			runOnlyForDeploymentPostprocessing = 0;
		};
/* End PBXSourcesBuildPhase section */

/* Begin XCBuildConfiguration section */
		6572771C1D8312EA00A5E1A8 /* Debug */ = {
			isa = XCBuildConfiguration;
			buildSettings = {
				CLANG_ANALYZER_NONNULL = YES;
				CLANG_WARN_DOCUMENTATION_COMMENTS = YES;
				CLANG_WARN_SUSPICIOUS_MOVES = YES;
				DEBUG_INFORMATION_FORMAT = dwarf;
				FRAMEWORK_SEARCH_PATHS = "$(PROJECT_DIR)/../../../ios/Pods/PSPDFKit";
				OTHER_LDFLAGS = "-ObjC";
				PRODUCT_NAME = "$(TARGET_NAME)";
				SKIP_INSTALL = YES;
			};
			name = Debug;
		};
		6572771D1D8312EA00A5E1A8 /* Release */ = {
			isa = XCBuildConfiguration;
			buildSettings = {
				CLANG_ANALYZER_NONNULL = YES;
				CLANG_WARN_DOCUMENTATION_COMMENTS = YES;
				CLANG_WARN_SUSPICIOUS_MOVES = YES;
				COPY_PHASE_STRIP = NO;
				DEBUG_INFORMATION_FORMAT = "dwarf-with-dsym";
				FRAMEWORK_SEARCH_PATHS = "$(PROJECT_DIR)/../../../ios/Pods/PSPDFKit";
				OTHER_LDFLAGS = "-ObjC";
				PRODUCT_NAME = "$(TARGET_NAME)";
				SKIP_INSTALL = YES;
			};
			name = Release;
		};
		83CBBA201A601CBA00E9B192 /* Debug */ = {
			isa = XCBuildConfiguration;
			buildSettings = {
				ALWAYS_SEARCH_USER_PATHS = NO;
				CLANG_ANALYZER_LOCALIZABILITY_NONLOCALIZED = YES;
				CLANG_CXX_LANGUAGE_STANDARD = "gnu++0x";
				CLANG_CXX_LIBRARY = "libc++";
				CLANG_ENABLE_MODULES = YES;
				CLANG_ENABLE_OBJC_ARC = YES;
				CLANG_WARN_BLOCK_CAPTURE_AUTORELEASING = YES;
				CLANG_WARN_BOOL_CONVERSION = YES;
				CLANG_WARN_COMMA = YES;
				CLANG_WARN_CONSTANT_CONVERSION = YES;
				CLANG_WARN_DEPRECATED_OBJC_IMPLEMENTATIONS = YES;
				CLANG_WARN_DIRECT_OBJC_ISA_USAGE = YES_ERROR;
				CLANG_WARN_EMPTY_BODY = YES;
				CLANG_WARN_ENUM_CONVERSION = YES;
				CLANG_WARN_INFINITE_RECURSION = YES;
				CLANG_WARN_INT_CONVERSION = YES;
				CLANG_WARN_NON_LITERAL_NULL_CONVERSION = YES;
				CLANG_WARN_OBJC_IMPLICIT_RETAIN_SELF = YES;
				CLANG_WARN_OBJC_LITERAL_CONVERSION = YES;
				CLANG_WARN_OBJC_ROOT_CLASS = YES_ERROR;
				CLANG_WARN_QUOTED_INCLUDE_IN_FRAMEWORK_HEADER = YES;
				CLANG_WARN_RANGE_LOOP_ANALYSIS = YES;
				CLANG_WARN_STRICT_PROTOTYPES = YES;
				CLANG_WARN_SUSPICIOUS_MOVE = YES;
				CLANG_WARN_UNREACHABLE_CODE = YES;
				CLANG_WARN__DUPLICATE_METHOD_MATCH = YES;
				"CODE_SIGN_IDENTITY[sdk=iphoneos*]" = "iPhone Developer";
				COPY_PHASE_STRIP = NO;
				ENABLE_STRICT_OBJC_MSGSEND = YES;
				ENABLE_TESTABILITY = YES;
				FRAMEWORK_SEARCH_PATHS = (
					"$(PROJECT_DIR)/../PSPDFKit",
					"$(PROJECT_DIR)/../../../ios/PSPDFKit",
				);
				GCC_C_LANGUAGE_STANDARD = gnu99;
				GCC_DYNAMIC_NO_PIC = NO;
				GCC_NO_COMMON_BLOCKS = YES;
				GCC_OPTIMIZATION_LEVEL = 0;
				GCC_PREPROCESSOR_DEFINITIONS = (
					"DEBUG=1",
					"$(inherited)",
				);
				GCC_SYMBOLS_PRIVATE_EXTERN = NO;
				GCC_WARN_64_TO_32_BIT_CONVERSION = YES;
				GCC_WARN_ABOUT_RETURN_TYPE = YES_ERROR;
				GCC_WARN_UNDECLARED_SELECTOR = YES;
				GCC_WARN_UNINITIALIZED_AUTOS = YES_AGGRESSIVE;
				GCC_WARN_UNUSED_FUNCTION = YES;
				GCC_WARN_UNUSED_VARIABLE = YES;
				HEADER_SEARCH_PATHS = (
					"$(inherited)",
					/Applications/Xcode.app/Contents/Developer/Toolchains/XcodeDefault.xctoolchain/usr/include,
					"$(SRCROOT)/../node_modules/react-native/React/**",
					"$(SRCROOT)/../../react-native/React/**",
					"$(SRCROOT)/../samples/Catalog/node_modules/react-native/React/**",
				);
				IPHONEOS_DEPLOYMENT_TARGET = 14.0;
				MTL_ENABLE_DEBUG_INFO = YES;
				ONLY_ACTIVE_ARCH = YES;
				SDKROOT = iphoneos;
			};
			name = Debug;
		};
		83CBBA211A601CBA00E9B192 /* Release */ = {
			isa = XCBuildConfiguration;
			buildSettings = {
				ALWAYS_SEARCH_USER_PATHS = NO;
				CLANG_ANALYZER_LOCALIZABILITY_NONLOCALIZED = YES;
				CLANG_CXX_LANGUAGE_STANDARD = "gnu++0x";
				CLANG_CXX_LIBRARY = "libc++";
				CLANG_ENABLE_MODULES = YES;
				CLANG_ENABLE_OBJC_ARC = YES;
				CLANG_WARN_BLOCK_CAPTURE_AUTORELEASING = YES;
				CLANG_WARN_BOOL_CONVERSION = YES;
				CLANG_WARN_COMMA = YES;
				CLANG_WARN_CONSTANT_CONVERSION = YES;
				CLANG_WARN_DEPRECATED_OBJC_IMPLEMENTATIONS = YES;
				CLANG_WARN_DIRECT_OBJC_ISA_USAGE = YES_ERROR;
				CLANG_WARN_EMPTY_BODY = YES;
				CLANG_WARN_ENUM_CONVERSION = YES;
				CLANG_WARN_INFINITE_RECURSION = YES;
				CLANG_WARN_INT_CONVERSION = YES;
				CLANG_WARN_NON_LITERAL_NULL_CONVERSION = YES;
				CLANG_WARN_OBJC_IMPLICIT_RETAIN_SELF = YES;
				CLANG_WARN_OBJC_LITERAL_CONVERSION = YES;
				CLANG_WARN_OBJC_ROOT_CLASS = YES_ERROR;
				CLANG_WARN_QUOTED_INCLUDE_IN_FRAMEWORK_HEADER = YES;
				CLANG_WARN_RANGE_LOOP_ANALYSIS = YES;
				CLANG_WARN_STRICT_PROTOTYPES = YES;
				CLANG_WARN_SUSPICIOUS_MOVE = YES;
				CLANG_WARN_UNREACHABLE_CODE = YES;
				CLANG_WARN__DUPLICATE_METHOD_MATCH = YES;
				"CODE_SIGN_IDENTITY[sdk=iphoneos*]" = "iPhone Developer";
				COPY_PHASE_STRIP = YES;
				ENABLE_NS_ASSERTIONS = NO;
				ENABLE_STRICT_OBJC_MSGSEND = YES;
				FRAMEWORK_SEARCH_PATHS = (
					"$(PROJECT_DIR)/../PSPDFKit",
					"$(PROJECT_DIR)/../../../ios/PSPDFKit",
				);
				GCC_C_LANGUAGE_STANDARD = gnu99;
				GCC_NO_COMMON_BLOCKS = YES;
				GCC_WARN_64_TO_32_BIT_CONVERSION = YES;
				GCC_WARN_ABOUT_RETURN_TYPE = YES_ERROR;
				GCC_WARN_UNDECLARED_SELECTOR = YES;
				GCC_WARN_UNINITIALIZED_AUTOS = YES_AGGRESSIVE;
				GCC_WARN_UNUSED_FUNCTION = YES;
				GCC_WARN_UNUSED_VARIABLE = YES;
				HEADER_SEARCH_PATHS = (
					"$(inherited)",
					/Applications/Xcode.app/Contents/Developer/Toolchains/XcodeDefault.xctoolchain/usr/include,
					"$(SRCROOT)/../node_modules/react-native/React/**",
					"$(SRCROOT)/../../react-native/React/**",
					"$(SRCROOT)/../samples/Catalog/node_modules/react-native/React/**",
				);
				IPHONEOS_DEPLOYMENT_TARGET = 14.0;
				MTL_ENABLE_DEBUG_INFO = NO;
				SDKROOT = iphoneos;
				VALIDATE_PRODUCT = YES;
			};
			name = Release;
		};
/* End XCBuildConfiguration section */

/* Begin XCConfigurationList section */
		6572771B1D8312EA00A5E1A8 /* Build configuration list for PBXNativeTarget "RCTPSPDFKit" */ = {
			isa = XCConfigurationList;
			buildConfigurations = (
				6572771C1D8312EA00A5E1A8 /* Debug */,
				6572771D1D8312EA00A5E1A8 /* Release */,
			);
			defaultConfigurationIsVisible = 0;
			defaultConfigurationName = Release;
		};
		83CBB9FA1A601CBA00E9B192 /* Build configuration list for PBXProject "RCTPSPDFKit" */ = {
			isa = XCConfigurationList;
			buildConfigurations = (
				83CBBA201A601CBA00E9B192 /* Debug */,
				83CBBA211A601CBA00E9B192 /* Release */,
			);
			defaultConfigurationIsVisible = 0;
			defaultConfigurationName = Release;
		};
/* End XCConfigurationList section */
	};
	rootObject = 83CBB9F71A601CBA00E9B192 /* Project object */;
}
