Microsoft Visual Studio Solution File, Format Version 12.00
# Visual Studio 15
VisualStudioVersion = 15.0.27130.2010
MinimumVisualStudioVersion = 10.0.40219.1
Project("{FAE04EC0-301F-11D3-BF4B-00C04F79EFBC}") = "Catalog", "Catalog\Catalog.csproj", "{BDDAAC8C-3A47-4F42-A98C-CE879923040F}"
EndProject
Project("{FAE04EC0-301F-11D3-BF4B-00C04F79EFBC}") = "ReactNative", "..\node_modules\react-native-windows\ReactWindows\ReactNative\ReactNative.csproj", "{C7673AD5-E3AA-468C-A5FD-FA38154E205C}"
EndProject
Project("{D954291E-2A0B-460D-934E-DC6B0785DB48}") = "ReactNative.Shared", "..\node_modules\react-native-windows\ReactWindows\ReactNative.Shared\ReactNative.Shared.shproj", "{EEA8B852-4D07-48E1-8294-A21AB5909FE5}"
EndProject
Project("{8BC9CEB8-8B4A-11D0-8D11-00A0C91BC942}") = "ChakraBridge", "..\node_modules\react-native-windows\ReactWindows\ChakraBridge\ChakraBridge.vcxproj", "{4B72C796-16D5-4E3A-81C0-3E36F531E578}"
EndProject
Project("{FAE04EC0-301F-11D3-BF4B-00C04F79EFBC}") = "ReactNativeWebViewBridge", "..\node_modules\react-native-windows\ReactWindows\ReactNativeWebViewBridge\ReactNativeWebViewBridge.csproj", "{7596216B-669C-41F8-86DA-F3637F6545C0}"
EndProject
Project("{2150E333-8FDC-42A3-9474-1A3956D46DE8}") = "Solution Items", "Solution Items", "{618D5BC2-CC36-4168-AB29-40070ECD6B1F}"
EndProject
Project("{FAE04EC0-301F-11D3-BF4B-00C04F79EFBC}") = "RNFS", "..\node_modules\react-native-fs\windows\RNFS\RNFS.csproj", "{746610D0-8693-11E7-A20D-BF83F7366778}"
EndProject
Project("{FAE04EC0-301F-11D3-BF4B-00C04F79EFBC}") = "ReactNativePSPDFKit", "..\node_modules\react-native-pspdfkit\windows\ReactNativePSPDFKit\ReactNativePSPDFKit\ReactNativePSPDFKit.csproj", "{475F630C-9EA0-4CD2-823A-0BB2DBB4778A}"
EndProject
Global
	GlobalSection(SharedMSBuildProjectFiles) = preSolution
		..\node_modules\react-native-windows\ReactWindows\ReactNative.Shared\ReactNative.Shared.projitems*{c7673ad5-e3aa-468c-a5fd-fa38154e205c}*SharedItemsImports = 4
		..\node_modules\react-native-windows\ReactWindows\ReactNative.Shared\ReactNative.Shared.projitems*{eea8b852-4d07-48e1-8294-a21ab5909fe5}*SharedItemsImports = 13
	EndGlobalSection
	GlobalSection(SolutionConfigurationPlatforms) = preSolution
		Debug|Any CPU = Debug|Any CPU
		Debug|ARM = Debug|ARM
		Debug|x64 = Debug|x64
		Debug|x86 = Debug|x86
		DebugBundle|Any CPU = DebugBundle|Any CPU
		DebugBundle|ARM = DebugBundle|ARM
		DebugBundle|x64 = DebugBundle|x64
		DebugBundle|x86 = DebugBundle|x86
		Development|Any CPU = Development|Any CPU
		Development|ARM = Development|ARM
		Development|x64 = Development|x64
		Development|x86 = Development|x86
		Release|Any CPU = Release|Any CPU
		Release|ARM = Release|ARM
		Release|x64 = Release|x64
		Release|x86 = Release|x86
		ReleaseBundle|Any CPU = ReleaseBundle|Any CPU
		ReleaseBundle|ARM = ReleaseBundle|ARM
		ReleaseBundle|x64 = ReleaseBundle|x64
		ReleaseBundle|x86 = ReleaseBundle|x86
	EndGlobalSection
	GlobalSection(ProjectConfigurationPlatforms) = postSolution
		{BDDAAC8C-3A47-4F42-A98C-CE879923040F}.Debug|Any CPU.ActiveCfg = Debug|x86
		{BDDAAC8C-3A47-4F42-A98C-CE879923040F}.Debug|ARM.ActiveCfg = Debug|ARM
		{BDDAAC8C-3A47-4F42-A98C-CE879923040F}.Debug|ARM.Build.0 = Debug|ARM
		{BDDAAC8C-3A47-4F42-A98C-CE879923040F}.Debug|ARM.Deploy.0 = Debug|ARM
		{BDDAAC8C-3A47-4F42-A98C-CE879923040F}.Debug|x64.ActiveCfg = Debug|x64
		{BDDAAC8C-3A47-4F42-A98C-CE879923040F}.Debug|x64.Build.0 = Debug|x64
		{BDDAAC8C-3A47-4F42-A98C-CE879923040F}.Debug|x64.Deploy.0 = Debug|x64
		{BDDAAC8C-3A47-4F42-A98C-CE879923040F}.Debug|x86.ActiveCfg = Debug|x86
		{BDDAAC8C-3A47-4F42-A98C-CE879923040F}.Debug|x86.Build.0 = Debug|x86
		{BDDAAC8C-3A47-4F42-A98C-CE879923040F}.Debug|x86.Deploy.0 = Debug|x86
		{BDDAAC8C-3A47-4F42-A98C-CE879923040F}.DebugBundle|Any CPU.ActiveCfg = DebugBundle|x86
		{BDDAAC8C-3A47-4F42-A98C-CE879923040F}.DebugBundle|ARM.ActiveCfg = DebugBundle|ARM
		{BDDAAC8C-3A47-4F42-A98C-CE879923040F}.DebugBundle|ARM.Build.0 = DebugBundle|ARM
		{BDDAAC8C-3A47-4F42-A98C-CE879923040F}.DebugBundle|ARM.Deploy.0 = DebugBundle|ARM
		{BDDAAC8C-3A47-4F42-A98C-CE879923040F}.DebugBundle|x64.ActiveCfg = DebugBundle|x64
		{BDDAAC8C-3A47-4F42-A98C-CE879923040F}.DebugBundle|x64.Build.0 = DebugBundle|x64
		{BDDAAC8C-3A47-4F42-A98C-CE879923040F}.DebugBundle|x64.Deploy.0 = DebugBundle|x64
		{BDDAAC8C-3A47-4F42-A98C-CE879923040F}.DebugBundle|x86.ActiveCfg = DebugBundle|x86
		{BDDAAC8C-3A47-4F42-A98C-CE879923040F}.DebugBundle|x86.Build.0 = DebugBundle|x86
		{BDDAAC8C-3A47-4F42-A98C-CE879923040F}.DebugBundle|x86.Deploy.0 = DebugBundle|x86
		{BDDAAC8C-3A47-4F42-A98C-CE879923040F}.Development|Any CPU.ActiveCfg = ReleaseBundle|x86
		{BDDAAC8C-3A47-4F42-A98C-CE879923040F}.Development|Any CPU.Build.0 = ReleaseBundle|x86
		{BDDAAC8C-3A47-4F42-A98C-CE879923040F}.Development|Any CPU.Deploy.0 = ReleaseBundle|x86
		{BDDAAC8C-3A47-4F42-A98C-CE879923040F}.Development|ARM.ActiveCfg = DebugBundle|ARM
		{BDDAAC8C-3A47-4F42-A98C-CE879923040F}.Development|ARM.Build.0 = DebugBundle|ARM
		{BDDAAC8C-3A47-4F42-A98C-CE879923040F}.Development|ARM.Deploy.0 = DebugBundle|ARM
		{BDDAAC8C-3A47-4F42-A98C-CE879923040F}.Development|x64.ActiveCfg = DebugBundle|x64
		{BDDAAC8C-3A47-4F42-A98C-CE879923040F}.Development|x64.Build.0 = DebugBundle|x64
		{BDDAAC8C-3A47-4F42-A98C-CE879923040F}.Development|x64.Deploy.0 = DebugBundle|x64
		{BDDAAC8C-3A47-4F42-A98C-CE879923040F}.Development|x86.ActiveCfg = DebugBundle|x86
		{BDDAAC8C-3A47-4F42-A98C-CE879923040F}.Development|x86.Build.0 = DebugBundle|x86
		{BDDAAC8C-3A47-4F42-A98C-CE879923040F}.Development|x86.Deploy.0 = DebugBundle|x86
		{BDDAAC8C-3A47-4F42-A98C-CE879923040F}.Release|Any CPU.ActiveCfg = Release|x86
		{BDDAAC8C-3A47-4F42-A98C-CE879923040F}.Release|ARM.ActiveCfg = Release|ARM
		{BDDAAC8C-3A47-4F42-A98C-CE879923040F}.Release|ARM.Build.0 = Release|ARM
		{BDDAAC8C-3A47-4F42-A98C-CE879923040F}.Release|ARM.Deploy.0 = Release|ARM
		{BDDAAC8C-3A47-4F42-A98C-CE879923040F}.Release|x64.ActiveCfg = Release|x64
		{BDDAAC8C-3A47-4F42-A98C-CE879923040F}.Release|x64.Build.0 = Release|x64
		{BDDAAC8C-3A47-4F42-A98C-CE879923040F}.Release|x64.Deploy.0 = Release|x64
		{BDDAAC8C-3A47-4F42-A98C-CE879923040F}.Release|x86.ActiveCfg = Release|x86
		{BDDAAC8C-3A47-4F42-A98C-CE879923040F}.Release|x86.Build.0 = Release|x86
		{BDDAAC8C-3A47-4F42-A98C-CE879923040F}.Release|x86.Deploy.0 = Release|x86
		{BDDAAC8C-3A47-4F42-A98C-CE879923040F}.ReleaseBundle|Any CPU.ActiveCfg = ReleaseBundle|x86
		{BDDAAC8C-3A47-4F42-A98C-CE879923040F}.ReleaseBundle|ARM.ActiveCfg = ReleaseBundle|ARM
		{BDDAAC8C-3A47-4F42-A98C-CE879923040F}.ReleaseBundle|ARM.Build.0 = ReleaseBundle|ARM
		{BDDAAC8C-3A47-4F42-A98C-CE879923040F}.ReleaseBundle|ARM.Deploy.0 = ReleaseBundle|ARM
		{BDDAAC8C-3A47-4F42-A98C-CE879923040F}.ReleaseBundle|x64.ActiveCfg = ReleaseBundle|x64
		{BDDAAC8C-3A47-4F42-A98C-CE879923040F}.ReleaseBundle|x64.Build.0 = ReleaseBundle|x64
		{BDDAAC8C-3A47-4F42-A98C-CE879923040F}.ReleaseBundle|x64.Deploy.0 = ReleaseBundle|x64
		{BDDAAC8C-3A47-4F42-A98C-CE879923040F}.ReleaseBundle|x86.ActiveCfg = ReleaseBundle|x86
		{BDDAAC8C-3A47-4F42-A98C-CE879923040F}.ReleaseBundle|x86.Build.0 = ReleaseBundle|x86
		{BDDAAC8C-3A47-4F42-A98C-CE879923040F}.ReleaseBundle|x86.Deploy.0 = ReleaseBundle|x86
		{C7673AD5-E3AA-468C-A5FD-FA38154E205C}.Debug|Any CPU.ActiveCfg = Debug|x86
		{C7673AD5-E3AA-468C-A5FD-FA38154E205C}.Debug|ARM.ActiveCfg = Debug|ARM
		{C7673AD5-E3AA-468C-A5FD-FA38154E205C}.Debug|ARM.Build.0 = Debug|ARM
		{C7673AD5-E3AA-468C-A5FD-FA38154E205C}.Debug|x64.ActiveCfg = Debug|x64
		{C7673AD5-E3AA-468C-A5FD-FA38154E205C}.Debug|x64.Build.0 = Debug|x64
		{C7673AD5-E3AA-468C-A5FD-FA38154E205C}.Debug|x86.ActiveCfg = Debug|x86
		{C7673AD5-E3AA-468C-A5FD-FA38154E205C}.Debug|x86.Build.0 = Debug|x86
		{C7673AD5-E3AA-468C-A5FD-FA38154E205C}.DebugBundle|Any CPU.ActiveCfg = Release|x86
		{C7673AD5-E3AA-468C-A5FD-FA38154E205C}.DebugBundle|Any CPU.Build.0 = Release|x86
		{C7673AD5-E3AA-468C-A5FD-FA38154E205C}.DebugBundle|ARM.ActiveCfg = Debug|ARM
		{C7673AD5-E3AA-468C-A5FD-FA38154E205C}.DebugBundle|ARM.Build.0 = Debug|ARM
		{C7673AD5-E3AA-468C-A5FD-FA38154E205C}.DebugBundle|x64.ActiveCfg = Debug|x64
		{C7673AD5-E3AA-468C-A5FD-FA38154E205C}.DebugBundle|x64.Build.0 = Debug|x64
		{C7673AD5-E3AA-468C-A5FD-FA38154E205C}.DebugBundle|x86.ActiveCfg = Debug|x86
		{C7673AD5-E3AA-468C-A5FD-FA38154E205C}.DebugBundle|x86.Build.0 = Debug|x86
		{C7673AD5-E3AA-468C-A5FD-FA38154E205C}.Development|Any CPU.ActiveCfg = Release|x86
		{C7673AD5-E3AA-468C-A5FD-FA38154E205C}.Development|Any CPU.Build.0 = Release|x86
		{C7673AD5-E3AA-468C-A5FD-FA38154E205C}.Development|ARM.ActiveCfg = Debug|ARM
		{C7673AD5-E3AA-468C-A5FD-FA38154E205C}.Development|ARM.Build.0 = Debug|ARM
		{C7673AD5-E3AA-468C-A5FD-FA38154E205C}.Development|x64.ActiveCfg = Debug|x64
		{C7673AD5-E3AA-468C-A5FD-FA38154E205C}.Development|x64.Build.0 = Debug|x64
		{C7673AD5-E3AA-468C-A5FD-FA38154E205C}.Development|x86.ActiveCfg = Debug|x86
		{C7673AD5-E3AA-468C-A5FD-FA38154E205C}.Development|x86.Build.0 = Debug|x86
		{C7673AD5-E3AA-468C-A5FD-FA38154E205C}.Release|Any CPU.ActiveCfg = Release|x86
		{C7673AD5-E3AA-468C-A5FD-FA38154E205C}.Release|ARM.ActiveCfg = Release|ARM
		{C7673AD5-E3AA-468C-A5FD-FA38154E205C}.Release|ARM.Build.0 = Release|ARM
		{C7673AD5-E3AA-468C-A5FD-FA38154E205C}.Release|x64.ActiveCfg = Release|x64
		{C7673AD5-E3AA-468C-A5FD-FA38154E205C}.Release|x64.Build.0 = Release|x64
		{C7673AD5-E3AA-468C-A5FD-FA38154E205C}.Release|x86.ActiveCfg = Release|x86
		{C7673AD5-E3AA-468C-A5FD-FA38154E205C}.Release|x86.Build.0 = Release|x86
		{C7673AD5-E3AA-468C-A5FD-FA38154E205C}.ReleaseBundle|Any CPU.ActiveCfg = Release|x86
		{C7673AD5-E3AA-468C-A5FD-FA38154E205C}.ReleaseBundle|Any CPU.Build.0 = Release|x86
		{C7673AD5-E3AA-468C-A5FD-FA38154E205C}.ReleaseBundle|ARM.ActiveCfg = Release|ARM
		{C7673AD5-E3AA-468C-A5FD-FA38154E205C}.ReleaseBundle|ARM.Build.0 = Release|ARM
		{C7673AD5-E3AA-468C-A5FD-FA38154E205C}.ReleaseBundle|x64.ActiveCfg = Release|x64
		{C7673AD5-E3AA-468C-A5FD-FA38154E205C}.ReleaseBundle|x64.Build.0 = Release|x64
		{C7673AD5-E3AA-468C-A5FD-FA38154E205C}.ReleaseBundle|x86.ActiveCfg = Release|x86
		{C7673AD5-E3AA-468C-A5FD-FA38154E205C}.ReleaseBundle|x86.Build.0 = Release|x86
		{4B72C796-16D5-4E3A-81C0-3E36F531E578}.Debug|Any CPU.ActiveCfg = Debug|Win32
		{4B72C796-16D5-4E3A-81C0-3E36F531E578}.Debug|ARM.ActiveCfg = Debug|ARM
		{4B72C796-16D5-4E3A-81C0-3E36F531E578}.Debug|ARM.Build.0 = Debug|ARM
		{4B72C796-16D5-4E3A-81C0-3E36F531E578}.Debug|x64.ActiveCfg = Debug|x64
		{4B72C796-16D5-4E3A-81C0-3E36F531E578}.Debug|x64.Build.0 = Debug|x64
		{4B72C796-16D5-4E3A-81C0-3E36F531E578}.Debug|x86.ActiveCfg = Debug|Win32
		{4B72C796-16D5-4E3A-81C0-3E36F531E578}.Debug|x86.Build.0 = Debug|Win32
		{4B72C796-16D5-4E3A-81C0-3E36F531E578}.DebugBundle|Any CPU.ActiveCfg = Release|Win32
		{4B72C796-16D5-4E3A-81C0-3E36F531E578}.DebugBundle|Any CPU.Build.0 = Release|Win32
		{4B72C796-16D5-4E3A-81C0-3E36F531E578}.DebugBundle|ARM.ActiveCfg = Debug|ARM
		{4B72C796-16D5-4E3A-81C0-3E36F531E578}.DebugBundle|ARM.Build.0 = Debug|ARM
		{4B72C796-16D5-4E3A-81C0-3E36F531E578}.DebugBundle|x64.ActiveCfg = Debug|x64
		{4B72C796-16D5-4E3A-81C0-3E36F531E578}.DebugBundle|x64.Build.0 = Debug|x64
		{4B72C796-16D5-4E3A-81C0-3E36F531E578}.DebugBundle|x86.ActiveCfg = Debug|Win32
		{4B72C796-16D5-4E3A-81C0-3E36F531E578}.DebugBundle|x86.Build.0 = Debug|Win32
		{4B72C796-16D5-4E3A-81C0-3E36F531E578}.Development|Any CPU.ActiveCfg = Release|Win32
		{4B72C796-16D5-4E3A-81C0-3E36F531E578}.Development|Any CPU.Build.0 = Release|Win32
		{4B72C796-16D5-4E3A-81C0-3E36F531E578}.Development|ARM.ActiveCfg = Debug|ARM
		{4B72C796-16D5-4E3A-81C0-3E36F531E578}.Development|ARM.Build.0 = Debug|ARM
		{4B72C796-16D5-4E3A-81C0-3E36F531E578}.Development|x64.ActiveCfg = Debug|x64
		{4B72C796-16D5-4E3A-81C0-3E36F531E578}.Development|x64.Build.0 = Debug|x64
		{4B72C796-16D5-4E3A-81C0-3E36F531E578}.Development|x86.ActiveCfg = Debug|Win32
		{4B72C796-16D5-4E3A-81C0-3E36F531E578}.Development|x86.Build.0 = Debug|Win32
		{4B72C796-16D5-4E3A-81C0-3E36F531E578}.Release|Any CPU.ActiveCfg = Release|Win32
		{4B72C796-16D5-4E3A-81C0-3E36F531E578}.Release|ARM.ActiveCfg = Release|ARM
		{4B72C796-16D5-4E3A-81C0-3E36F531E578}.Release|ARM.Build.0 = Release|ARM
		{4B72C796-16D5-4E3A-81C0-3E36F531E578}.Release|x64.ActiveCfg = Release|x64
		{4B72C796-16D5-4E3A-81C0-3E36F531E578}.Release|x64.Build.0 = Release|x64
		{4B72C796-16D5-4E3A-81C0-3E36F531E578}.Release|x86.ActiveCfg = Release|Win32
		{4B72C796-16D5-4E3A-81C0-3E36F531E578}.Release|x86.Build.0 = Release|Win32
		{4B72C796-16D5-4E3A-81C0-3E36F531E578}.ReleaseBundle|Any CPU.ActiveCfg = Release|Win32
		{4B72C796-16D5-4E3A-81C0-3E36F531E578}.ReleaseBundle|Any CPU.Build.0 = Release|Win32
		{4B72C796-16D5-4E3A-81C0-3E36F531E578}.ReleaseBundle|ARM.ActiveCfg = Release|ARM
		{4B72C796-16D5-4E3A-81C0-3E36F531E578}.ReleaseBundle|ARM.Build.0 = Release|ARM
		{4B72C796-16D5-4E3A-81C0-3E36F531E578}.ReleaseBundle|x64.ActiveCfg = Release|x64
		{4B72C796-16D5-4E3A-81C0-3E36F531E578}.ReleaseBundle|x64.Build.0 = Release|x64
		{4B72C796-16D5-4E3A-81C0-3E36F531E578}.ReleaseBundle|x86.ActiveCfg = Release|Win32
		{4B72C796-16D5-4E3A-81C0-3E36F531E578}.ReleaseBundle|x86.Build.0 = Release|Win32
		{7596216B-669C-41F8-86DA-F3637F6545C0}.Debug|Any CPU.ActiveCfg = Debug|x86
		{7596216B-669C-41F8-86DA-F3637F6545C0}.Debug|ARM.ActiveCfg = Debug|ARM
		{7596216B-669C-41F8-86DA-F3637F6545C0}.Debug|ARM.Build.0 = Debug|ARM
		{7596216B-669C-41F8-86DA-F3637F6545C0}.Debug|x64.ActiveCfg = Debug|x64
		{7596216B-669C-41F8-86DA-F3637F6545C0}.Debug|x64.Build.0 = Debug|x64
		{7596216B-669C-41F8-86DA-F3637F6545C0}.Debug|x86.ActiveCfg = Debug|x86
		{7596216B-669C-41F8-86DA-F3637F6545C0}.Debug|x86.Build.0 = Debug|x86
		{7596216B-669C-41F8-86DA-F3637F6545C0}.DebugBundle|Any CPU.ActiveCfg = Release|x86
		{7596216B-669C-41F8-86DA-F3637F6545C0}.DebugBundle|Any CPU.Build.0 = Release|x86
		{7596216B-669C-41F8-86DA-F3637F6545C0}.DebugBundle|ARM.ActiveCfg = Debug|ARM
		{7596216B-669C-41F8-86DA-F3637F6545C0}.DebugBundle|ARM.Build.0 = Debug|ARM
		{7596216B-669C-41F8-86DA-F3637F6545C0}.DebugBundle|x64.ActiveCfg = Debug|x64
		{7596216B-669C-41F8-86DA-F3637F6545C0}.DebugBundle|x64.Build.0 = Debug|x64
		{7596216B-669C-41F8-86DA-F3637F6545C0}.DebugBundle|x86.ActiveCfg = Debug|x86
		{7596216B-669C-41F8-86DA-F3637F6545C0}.DebugBundle|x86.Build.0 = Debug|x86
		{7596216B-669C-41F8-86DA-F3637F6545C0}.Development|Any CPU.ActiveCfg = Release|x86
		{7596216B-669C-41F8-86DA-F3637F6545C0}.Development|Any CPU.Build.0 = Release|x86
		{7596216B-669C-41F8-86DA-F3637F6545C0}.Development|ARM.ActiveCfg = Debug|ARM
		{7596216B-669C-41F8-86DA-F3637F6545C0}.Development|ARM.Build.0 = Debug|ARM
		{7596216B-669C-41F8-86DA-F3637F6545C0}.Development|x64.ActiveCfg = Debug|x64
		{7596216B-669C-41F8-86DA-F3637F6545C0}.Development|x64.Build.0 = Debug|x64
		{7596216B-669C-41F8-86DA-F3637F6545C0}.Development|x86.ActiveCfg = Debug|x86
		{7596216B-669C-41F8-86DA-F3637F6545C0}.Development|x86.Build.0 = Debug|x86
		{7596216B-669C-41F8-86DA-F3637F6545C0}.Release|Any CPU.ActiveCfg = Release|x86
		{7596216B-669C-41F8-86DA-F3637F6545C0}.Release|ARM.ActiveCfg = Release|ARM
		{7596216B-669C-41F8-86DA-F3637F6545C0}.Release|ARM.Build.0 = Release|ARM
		{7596216B-669C-41F8-86DA-F3637F6545C0}.Release|x64.ActiveCfg = Release|x64
		{7596216B-669C-41F8-86DA-F3637F6545C0}.Release|x64.Build.0 = Release|x64
		{7596216B-669C-41F8-86DA-F3637F6545C0}.Release|x86.ActiveCfg = Release|x86
		{7596216B-669C-41F8-86DA-F3637F6545C0}.Release|x86.Build.0 = Release|x86
		{7596216B-669C-41F8-86DA-F3637F6545C0}.ReleaseBundle|Any CPU.ActiveCfg = Release|x86
		{7596216B-669C-41F8-86DA-F3637F6545C0}.ReleaseBundle|Any CPU.Build.0 = Release|x86
		{7596216B-669C-41F8-86DA-F3637F6545C0}.ReleaseBundle|ARM.ActiveCfg = Release|ARM
		{7596216B-669C-41F8-86DA-F3637F6545C0}.ReleaseBundle|ARM.Build.0 = Release|ARM
		{7596216B-669C-41F8-86DA-F3637F6545C0}.ReleaseBundle|x64.ActiveCfg = Release|x64
		{7596216B-669C-41F8-86DA-F3637F6545C0}.ReleaseBundle|x64.Build.0 = Release|x64
		{7596216B-669C-41F8-86DA-F3637F6545C0}.ReleaseBundle|x86.ActiveCfg = Release|x86
		{7596216B-669C-41F8-86DA-F3637F6545C0}.ReleaseBundle|x86.Build.0 = Release|x86
		{746610D0-8693-11E7-A20D-BF83F7366778}.Debug|Any CPU.ActiveCfg = Debug|x86
		{746610D0-8693-11E7-A20D-BF83F7366778}.Debug|ARM.ActiveCfg = Debug|ARM
		{746610D0-8693-11E7-A20D-BF83F7366778}.Debug|ARM.Build.0 = Debug|ARM
		{746610D0-8693-11E7-A20D-BF83F7366778}.Debug|x64.ActiveCfg = Debug|x64
		{746610D0-8693-11E7-A20D-BF83F7366778}.Debug|x64.Build.0 = Debug|x64
		{746610D0-8693-11E7-A20D-BF83F7366778}.Debug|x86.ActiveCfg = Debug|x86
		{746610D0-8693-11E7-A20D-BF83F7366778}.Debug|x86.Build.0 = Debug|x86
		{746610D0-8693-11E7-A20D-BF83F7366778}.DebugBundle|Any CPU.ActiveCfg = Release|x86
		{746610D0-8693-11E7-A20D-BF83F7366778}.DebugBundle|Any CPU.Build.0 = Release|x86
		{746610D0-8693-11E7-A20D-BF83F7366778}.DebugBundle|ARM.ActiveCfg = Debug|ARM
		{746610D0-8693-11E7-A20D-BF83F7366778}.DebugBundle|ARM.Build.0 = Debug|ARM
		{746610D0-8693-11E7-A20D-BF83F7366778}.DebugBundle|x64.ActiveCfg = Debug|x64
		{746610D0-8693-11E7-A20D-BF83F7366778}.DebugBundle|x64.Build.0 = Debug|x64
		{746610D0-8693-11E7-A20D-BF83F7366778}.DebugBundle|x86.ActiveCfg = Debug|x86
		{746610D0-8693-11E7-A20D-BF83F7366778}.DebugBundle|x86.Build.0 = Debug|x86
		{746610D0-8693-11E7-A20D-BF83F7366778}.Development|Any CPU.ActiveCfg = Development|x86
		{746610D0-8693-11E7-A20D-BF83F7366778}.Development|ARM.ActiveCfg = Development|ARM
		{746610D0-8693-11E7-A20D-BF83F7366778}.Development|ARM.Build.0 = Development|ARM
		{746610D0-8693-11E7-A20D-BF83F7366778}.Development|x64.ActiveCfg = Development|x64
		{746610D0-8693-11E7-A20D-BF83F7366778}.Development|x64.Build.0 = Development|x64
		{746610D0-8693-11E7-A20D-BF83F7366778}.Development|x86.ActiveCfg = Development|x86
		{746610D0-8693-11E7-A20D-BF83F7366778}.Development|x86.Build.0 = Development|x86
		{746610D0-8693-11E7-A20D-BF83F7366778}.Release|Any CPU.ActiveCfg = Release|x86
		{746610D0-8693-11E7-A20D-BF83F7366778}.Release|ARM.ActiveCfg = Release|ARM
		{746610D0-8693-11E7-A20D-BF83F7366778}.Release|ARM.Build.0 = Release|ARM
		{746610D0-8693-11E7-A20D-BF83F7366778}.Release|x64.ActiveCfg = Release|x64
		{746610D0-8693-11E7-A20D-BF83F7366778}.Release|x64.Build.0 = Release|x64
		{746610D0-8693-11E7-A20D-BF83F7366778}.Release|x86.ActiveCfg = Release|x86
		{746610D0-8693-11E7-A20D-BF83F7366778}.Release|x86.Build.0 = Release|x86
		{746610D0-8693-11E7-A20D-BF83F7366778}.ReleaseBundle|Any CPU.ActiveCfg = Release|x86
		{746610D0-8693-11E7-A20D-BF83F7366778}.ReleaseBundle|Any CPU.Build.0 = Release|x86
		{746610D0-8693-11E7-A20D-BF83F7366778}.ReleaseBundle|ARM.ActiveCfg = Release|ARM
		{746610D0-8693-11E7-A20D-BF83F7366778}.ReleaseBundle|ARM.Build.0 = Release|ARM
		{746610D0-8693-11E7-A20D-BF83F7366778}.ReleaseBundle|x64.ActiveCfg = Release|x64
		{746610D0-8693-11E7-A20D-BF83F7366778}.ReleaseBundle|x64.Build.0 = Release|x64
		{746610D0-8693-11E7-A20D-BF83F7366778}.ReleaseBundle|x86.ActiveCfg = Release|x86
		{746610D0-8693-11E7-A20D-BF83F7366778}.ReleaseBundle|x86.Build.0 = Release|x86
		{475F630C-9EA0-4CD2-823A-0BB2DBB4778A}.Debug|Any CPU.ActiveCfg = Debug|Any CPU
		{475F630C-9EA0-4CD2-823A-0BB2DBB4778A}.Debug|Any CPU.Build.0 = Debug|Any CPU
		{475F630C-9EA0-4CD2-823A-0BB2DBB4778A}.Debug|ARM.ActiveCfg = Debug|ARM
		{475F630C-9EA0-4CD2-823A-0BB2DBB4778A}.Debug|ARM.Build.0 = Debug|ARM
		{475F630C-9EA0-4CD2-823A-0BB2DBB4778A}.Debug|x64.ActiveCfg = Debug|x64
		{475F630C-9EA0-4CD2-823A-0BB2DBB4778A}.Debug|x64.Build.0 = Debug|x64
		{475F630C-9EA0-4CD2-823A-0BB2DBB4778A}.Debug|x86.ActiveCfg = Debug|x86
		{475F630C-9EA0-4CD2-823A-0BB2DBB4778A}.Debug|x86.Build.0 = Debug|x86
		{475F630C-9EA0-4CD2-823A-0BB2DBB4778A}.DebugBundle|Any CPU.ActiveCfg = Debug|Any CPU
		{475F630C-9EA0-4CD2-823A-0BB2DBB4778A}.DebugBundle|Any CPU.Build.0 = Debug|Any CPU
		{475F630C-9EA0-4CD2-823A-0BB2DBB4778A}.DebugBundle|ARM.ActiveCfg = Debug|ARM
		{475F630C-9EA0-4CD2-823A-0BB2DBB4778A}.DebugBundle|ARM.Build.0 = Debug|ARM
		{475F630C-9EA0-4CD2-823A-0BB2DBB4778A}.DebugBundle|x64.ActiveCfg = Debug|x64
		{475F630C-9EA0-4CD2-823A-0BB2DBB4778A}.DebugBundle|x64.Build.0 = Debug|x64
		{475F630C-9EA0-4CD2-823A-0BB2DBB4778A}.DebugBundle|x86.ActiveCfg = Debug|x86
		{475F630C-9EA0-4CD2-823A-0BB2DBB4778A}.DebugBundle|x86.Build.0 = Debug|x86
		{475F630C-9EA0-4CD2-823A-0BB2DBB4778A}.Development|Any CPU.ActiveCfg = Debug|Any CPU
		{475F630C-9EA0-4CD2-823A-0BB2DBB4778A}.Development|Any CPU.Build.0 = Debug|Any CPU
		{475F630C-9EA0-4CD2-823A-0BB2DBB4778A}.Development|ARM.ActiveCfg = Debug|ARM
		{475F630C-9EA0-4CD2-823A-0BB2DBB4778A}.Development|ARM.Build.0 = Debug|ARM
		{475F630C-9EA0-4CD2-823A-0BB2DBB4778A}.Development|x64.ActiveCfg = Debug|x64
		{475F630C-9EA0-4CD2-823A-0BB2DBB4778A}.Development|x64.Build.0 = Debug|x64
		{475F630C-9EA0-4CD2-823A-0BB2DBB4778A}.Development|x86.ActiveCfg = Debug|x86
		{475F630C-9EA0-4CD2-823A-0BB2DBB4778A}.Development|x86.Build.0 = Debug|x86
		{475F630C-9EA0-4CD2-823A-0BB2DBB4778A}.Release|Any CPU.ActiveCfg = Release|Any CPU
		{475F630C-9EA0-4CD2-823A-0BB2DBB4778A}.Release|Any CPU.Build.0 = Release|Any CPU
		{475F630C-9EA0-4CD2-823A-0BB2DBB4778A}.Release|ARM.ActiveCfg = Release|ARM
		{475F630C-9EA0-4CD2-823A-0BB2DBB4778A}.Release|ARM.Build.0 = Release|ARM
		{475F630C-9EA0-4CD2-823A-0BB2DBB4778A}.Release|x64.ActiveCfg = Release|x64
		{475F630C-9EA0-4CD2-823A-0BB2DBB4778A}.Release|x64.Build.0 = Release|x64
		{475F630C-9EA0-4CD2-823A-0BB2DBB4778A}.Release|x86.ActiveCfg = Release|x86
		{475F630C-9EA0-4CD2-823A-0BB2DBB4778A}.Release|x86.Build.0 = Release|x86
		{475F630C-9EA0-4CD2-823A-0BB2DBB4778A}.ReleaseBundle|Any CPU.ActiveCfg = Release|Any CPU
		{475F630C-9EA0-4CD2-823A-0BB2DBB4778A}.ReleaseBundle|Any CPU.Build.0 = Release|Any CPU
		{475F630C-9EA0-4CD2-823A-0BB2DBB4778A}.ReleaseBundle|ARM.ActiveCfg = Release|ARM
		{475F630C-9EA0-4CD2-823A-0BB2DBB4778A}.ReleaseBundle|ARM.Build.0 = Release|ARM
		{475F630C-9EA0-4CD2-823A-0BB2DBB4778A}.ReleaseBundle|x64.ActiveCfg = Release|x64
		{475F630C-9EA0-4CD2-823A-0BB2DBB4778A}.ReleaseBundle|x64.Build.0 = Release|x64
		{475F630C-9EA0-4CD2-823A-0BB2DBB4778A}.ReleaseBundle|x86.ActiveCfg = Release|x86
		{475F630C-9EA0-4CD2-823A-0BB2DBB4778A}.ReleaseBundle|x86.Build.0 = Release|x86
	EndGlobalSection
	GlobalSection(SolutionProperties) = preSolution
		HideSolutionNode = FALSE
	EndGlobalSection
	GlobalSection(ExtensibilityGlobals) = postSolution
		SolutionGuid = {51F9E882-6939-479F-B063-3D9AA4C9446E}
	EndGlobalSection
EndGlobal
